# generated by rye
# use `rye lock` or `rye sync` to update this lockfile
#
# last locked with the following flags:
#   pre: false
#   features: []
#   all-features: false
#   with-sources: false
#   generate-hashes: false
#   universal: false

-e file:.
aiohappyeyeballs==2.6.1
    # via aiohttp
aiohttp==3.12.15
    # via aiohttp-retry
    # via lighter-sdk
    # via ostium-python-sdk
    # via web3
aiohttp-retry==2.9.1
    # via lighter-sdk
aiosignal==1.4.0
    # via aiohttp
annotated-types==0.7.0
    # via pydantic
anyio==4.11.0
    # via gql
asyncio==4.0.0
    # via ostium-python-sdk
attrs==25.3.0
    # via aiohttp
backoff==2.2.1
    # via gql
base58==2.1.1
    # via perpdex-trading
bitarray==3.7.1
    # via eth-account
certifi==2025.8.3
    # via requests
cffi==2.0.0
    # via cryptography
charset-normalizer==3.4.3
    # via requests
ckzg==2.1.4
    # via eth-account
colorful==0.5.7
    # via prettyprinter
coverage==7.10.7
    # via pytest-cov
cryptography==46.0.1
    # via perpdex-trading
cytoolz==1.0.1
    # via eth-utils
eth-abi==5.2.0
    # via eth-account
    # via perpdex-trading
    # via web3
eth-account==0.13.7
    # via lighter-sdk
    # via perpdex-trading
    # via web3
eth-hash==0.7.1
    # via eth-utils
    # via web3
eth-keyfile==0.8.1
    # via eth-account
eth-keys==0.6.1
    # via eth-account
    # via eth-keyfile
    # via hibachi-xyz
eth-rlp==2.2.0
    # via eth-account
eth-typing==5.2.1
    # via eth-abi
    # via eth-keys
    # via eth-utils
    # via web3
eth-utils==5.3.1
    # via eth-abi
    # via eth-account
    # via eth-keyfile
    # via eth-keys
    # via eth-rlp
    # via rlp
    # via web3
frozenlist==1.7.0
    # via aiohttp
    # via aiosignal
gql==3.5.0
    # via ostium-python-sdk
graphql-core==3.2.5
    # via gql
    # via ostium-python-sdk
hexbytes==1.3.1
    # via eth-account
    # via eth-rlp
    # via web3
hibachi-xyz==0.1.14
    # via perpdex-trading
humanize==4.13.0
    # via ostium-python-sdk
idna==3.10
    # via anyio
    # via requests
    # via yarl
iniconfig==2.1.0
    # via pytest
jsonalias==0.1.1
    # via solders
lighter-sdk==0.1.4
    # via perpdex-trading
multidict==6.6.4
    # via aiohttp
    # via yarl
ostium-python-sdk==2.0.21
    # via perpdex-trading
packaging==25.0
    # via pytest
parsimonious==0.10.0
    # via eth-abi
pip==25.2
    # via pip-system-certs
pip-system-certs==5.2
    # via hibachi-xyz
pluggy==1.6.0
    # via pytest
    # via pytest-cov
prettyprinter==0.18.0
    # via hibachi-xyz
propcache==0.3.2
    # via aiohttp
    # via yarl
pycparser==2.23
    # via cffi
pycryptodome==3.23.0
    # via eth-hash
    # via eth-keyfile
pydantic==2.11.9
    # via eth-account
    # via eth-utils
    # via lighter-sdk
    # via ostium-python-sdk
    # via web3
pydantic-core==2.33.2
    # via pydantic
pygments==2.19.2
    # via prettyprinter
    # via pytest
pytest==8.4.2
    # via ostium-python-sdk
    # via perpdex-trading
    # via pytest-asyncio
    # via pytest-cov
pytest-asyncio==1.2.0
    # via ostium-python-sdk
pytest-cov==7.0.0
    # via ostium-python-sdk
python-dateutil==2.9.0.post0
    # via lighter-sdk
python-dotenv==1.1.1
    # via hibachi-xyz
    # via ostium-python-sdk
    # via perpdex-trading
pyunormalize==17.0.0
    # via web3
regex==2025.9.18
    # via parsimonious
requests==2.32.3
    # via hibachi-xyz
    # via lighter-sdk
    # via ostium-python-sdk
    # via web3
rlp==4.1.0
    # via eth-account
    # via eth-rlp
six==1.17.0
    # via python-dateutil
sniffio==1.3.1
    # via anyio
solders==0.26.0
    # via perpdex-trading
toml==0.10.2
    # via hibachi-xyz
toolz==1.0.0
    # via cytoolz
types-requests==2.32.4.20250913
    # via web3
typing-extensions==4.15.0
    # via eth-typing
    # via lighter-sdk
    # via pydantic
    # via pydantic-core
    # via solders
    # via typing-inspection
    # via web3
typing-inspection==0.4.1
    # via pydantic
urllib3==2.0.7
    # via lighter-sdk
    # via requests
    # via types-requests
web3==7.13.0
    # via ostium-python-sdk
    # via perpdex-trading
websockets==15.0.1
    # via hibachi-xyz
    # via lighter-sdk
    # via perpdex-trading
    # via web3
yarl==1.20.1
    # via aiohttp
    # via gql
